
Microsoft Visual Studio Solution File, Format Version 11.00
# Visual Studio 2010
Project("{FAE04EC0-301F-11D3-BF4B-00C04F79EFBC}") = "Peer2PeerTestConsole", "Peer2PeerTestConsole\Peer2PeerTestConsole.csproj", "{CC212474-1A0A-4F7D-BFB2-9EC8CA58B34D}"
EndProject
Project("{FAE04EC0-301F-11D3-BF4B-00C04F79EFBC}") = "Peer2Peer", "Peer2Peer\Peer2Peer.csproj", "{85FD1A6A-DE97-4FE6-85F2-38F4B4E2CAE0}"
EndProject
Global
	GlobalSection(SolutionConfigurationPlatforms) = preSolution
		Debug|Any CPU = Debug|Any CPU
		Debug|Mixed Platforms = Debug|Mixed Platforms
		Debug|x86 = Debug|x86
		Release|Any CPU = Release|Any CPU
		Release|Mixed Platforms = Release|Mixed Platforms
		Release|x86 = Release|x86
	EndGlobalSection
	GlobalSection(ProjectConfigurationPlatforms) = postSolution
		{CC212474-1A0A-4F7D-BFB2-9EC8CA58B34D}.Debug|Any CPU.ActiveCfg = Debug|x86
		{CC212474-1A0A-4F7D-BFB2-9EC8CA58B34D}.Debug|Mixed Platforms.ActiveCfg = Debug|x86
		{CC212474-1A0A-4F7D-BFB2-9EC8CA58B34D}.Debug|Mixed Platforms.Build.0 = Debug|x86
		{CC212474-1A0A-4F7D-BFB2-9EC8CA58B34D}.Debug|x86.ActiveCfg = Debug|x86
		{CC212474-1A0A-4F7D-BFB2-9EC8CA58B34D}.Debug|x86.Build.0 = Debug|x86
		{CC212474-1A0A-4F7D-BFB2-9EC8CA58B34D}.Release|Any CPU.ActiveCfg = Release|x86
		{CC212474-1A0A-4F7D-BFB2-9EC8CA58B34D}.Release|Mixed Platforms.ActiveCfg = Release|x86
		{CC212474-1A0A-4F7D-BFB2-9EC8CA58B34D}.Release|Mixed Platforms.Build.0 = Release|x86
		{CC212474-1A0A-4F7D-BFB2-9EC8CA58B34D}.Release|x86.ActiveCfg = Release|x86
		{CC212474-1A0A-4F7D-BFB2-9EC8CA58B34D}.Release|x86.Build.0 = Release|x86
		{85FD1A6A-DE97-4FE6-85F2-38F4B4E2CAE0}.Debug|Any CPU.ActiveCfg = Debug|Any CPU
		{85FD1A6A-DE97-4FE6-85F2-38F4B4E2CAE0}.Debug|Any CPU.Build.0 = Debug|Any CPU
		{85FD1A6A-DE97-4FE6-85F2-38F4B4E2CAE0}.Debug|Mixed Platforms.ActiveCfg = Debug|Any CPU
		{85FD1A6A-DE97-4FE6-85F2-38F4B4E2CAE0}.Debug|Mixed Platforms.Build.0 = Debug|Any CPU
		{85FD1A6A-DE97-4FE6-85F2-38F4B4E2CAE0}.Debug|x86.ActiveCfg = Debug|Any CPU
		{85FD1A6A-DE97-4FE6-85F2-38F4B4E2CAE0}.Release|Any CPU.ActiveCfg = Release|Any CPU
		{85FD1A6A-DE97-4FE6-85F2-38F4B4E2CAE0}.Release|Any CPU.Build.0 = Release|Any CPU
		{85FD1A6A-DE97-4FE6-85F2-38F4B4E2CAE0}.Release|Mixed Platforms.ActiveCfg = Release|Any CPU
		{85FD1A6A-DE97-4FE6-85F2-38F4B4E2CAE0}.Release|Mixed Platforms.Build.0 = Release|Any CPU
		{85FD1A6A-DE97-4FE6-85F2-38F4B4E2CAE0}.Release|x86.ActiveCfg = Release|Any CPU
	EndGlobalSection
	GlobalSection(SolutionProperties) = preSolution
		HideSolutionNode = FALSE
	EndGlobalSection
EndGlobal
